
Microsoft Visual Studio Solution File, Format Version 12.00
# Visual Studio Version 16
VisualStudioVersion = 16.0.31129.286
MinimumVisualStudioVersion = 10.0.40219.1
Project("{FAE04EC0-301F-11D3-BF4B-00C04F79EFBC}") = "SharpGL_My_First_Model", "SharpGL_My_First_Model\SharpGL_My_First_Model.csproj", "{FF5C6966-F93B-4488-8C78-374B52AA3CA8}"
EndProject
Global
	GlobalSection(SolutionConfigurationPlatforms) = preSolution
		Debug|Any CPU = Debug|Any CPU
		Release|Any CPU = Release|Any CPU
	EndGlobalSection
	GlobalSection(ProjectConfigurationPlatforms) = postSolution
		{FF5C6966-F93B-4488-8C78-374B52AA3CA8}.Debug|Any CPU.ActiveCfg = Debug|Any CPU
		{FF5C6966-F93B-4488-8C78-374B52AA3CA8}.Debug|Any CPU.Build.0 = Debug|Any CPU
		{FF5C6966-F93B-4488-8C78-374B52AA3CA8}.Release|Any CPU.ActiveCfg = Release|Any CPU
		{FF5C6966-F93B-4488-8C78-374B52AA3CA8}.Release|Any CPU.Build.0 = Release|Any CPU
	EndGlobalSection
	GlobalSection(SolutionProperties) = preSolution
		HideSolutionNode = FALSE
	EndGlobalSection
	GlobalSection(ExtensibilityGlobals) = postSolution
		SolutionGuid = {381F6B03-DE88-4C94-824C-2D9BD5637CA6}
	EndGlobalSection
EndGlobal
