
Microsoft Visual Studio Solution File, Format Version 12.00
# Visual Studio Version 16
VisualStudioVersion = 16.0.30907.101
MinimumVisualStudioVersion = 10.0.40219.1
Project("{FAE04EC0-301F-11D3-BF4B-00C04F79EFBC}") = "exercises-Maltsev-Dmitry-group-881", "exercises-Maltsev-Dmitry-group-881\exercises-Maltsev-Dmitry-group-881.csproj", "{FCBF1788-1F9E-4B33-A7A3-674B63224243}"
EndProject
Global
	GlobalSection(SolutionConfigurationPlatforms) = preSolution
		Debug|Any CPU = Debug|Any CPU
		Release|Any CPU = Release|Any CPU
	EndGlobalSection
	GlobalSection(ProjectConfigurationPlatforms) = postSolution
		{FCBF1788-1F9E-4B33-A7A3-674B63224243}.Debug|Any CPU.ActiveCfg = Debug|Any CPU
		{FCBF1788-1F9E-4B33-A7A3-674B63224243}.Debug|Any CPU.Build.0 = Debug|Any CPU
		{FCBF1788-1F9E-4B33-A7A3-674B63224243}.Release|Any CPU.ActiveCfg = Release|Any CPU
		{FCBF1788-1F9E-4B33-A7A3-674B63224243}.Release|Any CPU.Build.0 = Release|Any CPU
	EndGlobalSection
	GlobalSection(SolutionProperties) = preSolution
		HideSolutionNode = FALSE
	EndGlobalSection
	GlobalSection(ExtensibilityGlobals) = postSolution
		SolutionGuid = {7AF1427E-8065-44EF-A3B9-86ECA26D4945}
	EndGlobalSection
EndGlobal
